# This file is automatically @generated by Cargo.
# It is not intended for manual editing.
version = 3

[[package]]
name = "cgt_math"
version = "0.0.1"
source = "git+https://github.com/cgtinker/cgt_math?branch=main#e40c38b8d4d9c6d799a55f13d8be6ef569cf9281"

[[package]]
name = "cgt_mediapipe"
version = "0.1.0"
dependencies = [
 "cgt_math",
]
